# This file is automatically @generated by Cargo.
# It is not intended for manual editing.
version = 3

[[package]]
name = "embedded-trace"
version = "0.1.0"
dependencies = [
 "pin-project-lite",
]

[[package]]
name = "pin-project-lite"
version = "0.2.13"
source = "registry+https://github.com/rust-lang/crates.io-index"
checksum = "8afb450f006bf6385ca15ef45d71d2288452bc3683ce2e2cacc0d18e4be60b58"
